
Microsoft Visual Studio Solution File, Format Version 12.00
# Visual Studio Version 16
VisualStudioVersion = 16.0.30002.166
MinimumVisualStudioVersion = 10.0.40219.1
Project("{FAE04EC0-301F-11D3-BF4B-00C04F79EFBC}") = "CodeFirst", "CodeFirst\CodeFirst.csproj", "{A27BFA99-AF1A-4EF1-8F64-087D5BE0009C}"
EndProject
Project("{FAE04EC0-301F-11D3-BF4B-00C04F79EFBC}") = "Entity", "Entity\Entity.csproj", "{97EE9C07-D900-4442-B70F-BF757A1BE2A4}"
EndProject
Project("{FAE04EC0-301F-11D3-BF4B-00C04F79EFBC}") = "WCFPhongNha", "WCFPhongNha\WCFPhongNha.csproj", "{A02DBE48-0439-4F34-9DA7-8295AAE466D1}"
EndProject
Global
	GlobalSection(SolutionConfigurationPlatforms) = preSolution
		Debug|Any CPU = Debug|Any CPU
		Release|Any CPU = Release|Any CPU
	EndGlobalSection
	GlobalSection(ProjectConfigurationPlatforms) = postSolution
		{A27BFA99-AF1A-4EF1-8F64-087D5BE0009C}.Debug|Any CPU.ActiveCfg = Debug|Any CPU
		{A27BFA99-AF1A-4EF1-8F64-087D5BE0009C}.Debug|Any CPU.Build.0 = Debug|Any CPU
		{A27BFA99-AF1A-4EF1-8F64-087D5BE0009C}.Release|Any CPU.ActiveCfg = Release|Any CPU
		{A27BFA99-AF1A-4EF1-8F64-087D5BE0009C}.Release|Any CPU.Build.0 = Release|Any CPU
		{97EE9C07-D900-4442-B70F-BF757A1BE2A4}.Debug|Any CPU.ActiveCfg = Debug|Any CPU
		{97EE9C07-D900-4442-B70F-BF757A1BE2A4}.Debug|Any CPU.Build.0 = Debug|Any CPU
		{97EE9C07-D900-4442-B70F-BF757A1BE2A4}.Release|Any CPU.ActiveCfg = Release|Any CPU
		{97EE9C07-D900-4442-B70F-BF757A1BE2A4}.Release|Any CPU.Build.0 = Release|Any CPU
		{A02DBE48-0439-4F34-9DA7-8295AAE466D1}.Debug|Any CPU.ActiveCfg = Debug|Any CPU
		{A02DBE48-0439-4F34-9DA7-8295AAE466D1}.Debug|Any CPU.Build.0 = Debug|Any CPU
		{A02DBE48-0439-4F34-9DA7-8295AAE466D1}.Release|Any CPU.ActiveCfg = Release|Any CPU
		{A02DBE48-0439-4F34-9DA7-8295AAE466D1}.Release|Any CPU.Build.0 = Release|Any CPU
	EndGlobalSection
	GlobalSection(SolutionProperties) = preSolution
		HideSolutionNode = FALSE
	EndGlobalSection
	GlobalSection(ExtensibilityGlobals) = postSolution
		SolutionGuid = {A2416DB7-9869-42A2-8B58-73F84F2076CA}
	EndGlobalSection
EndGlobal
