
Microsoft Visual Studio Solution File, Format Version 12.00
# Visual Studio Version 16
VisualStudioVersion = 16.0.30002.166
MinimumVisualStudioVersion = 10.0.40219.1
Project("{FAE04EC0-301F-11D3-BF4B-00C04F79EFBC}") = "GUI", "GUI\GUI.csproj", "{6534C476-3A0B-46FF-B4E0-BC63FC6DDD32}"
EndProject
Global
	GlobalSection(SolutionConfigurationPlatforms) = preSolution
		Debug|Any CPU = Debug|Any CPU
		Release|Any CPU = Release|Any CPU
	EndGlobalSection
	GlobalSection(ProjectConfigurationPlatforms) = postSolution
		{6534C476-3A0B-46FF-B4E0-BC63FC6DDD32}.Debug|Any CPU.ActiveCfg = Debug|Any CPU
		{6534C476-3A0B-46FF-B4E0-BC63FC6DDD32}.Debug|Any CPU.Build.0 = Debug|Any CPU
		{6534C476-3A0B-46FF-B4E0-BC63FC6DDD32}.Release|Any CPU.ActiveCfg = Release|Any CPU
		{6534C476-3A0B-46FF-B4E0-BC63FC6DDD32}.Release|Any CPU.Build.0 = Release|Any CPU
	EndGlobalSection
	GlobalSection(SolutionProperties) = preSolution
		HideSolutionNode = FALSE
	EndGlobalSection
	GlobalSection(ExtensibilityGlobals) = postSolution
		SolutionGuid = {5E2C0820-21DD-49CD-8B69-203EC5716F7D}
	EndGlobalSection
EndGlobal
